
Microsoft Visual Studio Solution File, Format Version 12.00
# Visual Studio 15
VisualStudioVersion = 15.0.27428.2005
MinimumVisualStudioVersion = 10.0.40219.1
Project("{9A19103F-16F7-4668-BE54-9A1E7A4F7556}") = "Interop.ByHand", "Interop.ByHand\Interop.ByHand.csproj", "{D09F0BC4-EC15-4E22-AA6E-023451834276}"
	ProjectSection(ProjectDependencies) = postProject
		{3C1487F1-6F09-42B3-9FCA-9937EC0163C3} = {3C1487F1-6F09-42B3-9FCA-9937EC0163C3}
	EndProjectSection
EndProject
Project("{9A19103F-16F7-4668-BE54-9A1E7A4F7556}") = "Interop.Swig", "Interop.Swig\Interop.Swig.csproj", "{F9A35FBE-1022-4D74-9E90-DE45CDAA26DF}"
	ProjectSection(ProjectDependencies) = postProject
		{E1D5A03B-C38B-4030-A936-C963FBBA1EA3} = {E1D5A03B-C38B-4030-A936-C963FBBA1EA3}
	EndProjectSection
EndProject
Project("{8BC9CEB8-8B4A-11D0-8D11-00A0C91BC942}") = "MyNativeLib", "MyNativeLib\MyNativeLib.vcxproj", "{3C1487F1-6F09-42B3-9FCA-9937EC0163C3}"
EndProject
Project("{8BC9CEB8-8B4A-11D0-8D11-00A0C91BC942}") = "MyNativeLib_Swig", "MyNativeLib.Swig\MyNativeLib.Swig.vcxproj", "{E1D5A03B-C38B-4030-A936-C963FBBA1EA3}"
EndProject
Project("{2150E333-8FDC-42A3-9474-1A3956D46DE8}") = "Interop", "Interop", "{719D5209-F957-48AC-887D-DFB10E351179}"
EndProject
Project("{2150E333-8FDC-42A3-9474-1A3956D46DE8}") = "Ipc", "Ipc", "{3B901AD6-C809-4C00-8F3D-D1E3F38E50F5}"
EndProject
Project("{9A19103F-16F7-4668-BE54-9A1E7A4F7556}") = "Ipc.NamedPipes", "Ipc.NamedPipes\Ipc.NamedPipes.csproj", "{10745478-A36E-4467-856F-2A1C7747A413}"
EndProject
Project("{2150E333-8FDC-42A3-9474-1A3956D46DE8}") = "ProcessPool", "ProcessPool", "{0C5632D2-8228-482B-8AE6-9E1044F9073C}"
EndProject
Project("{9A19103F-16F7-4668-BE54-9A1E7A4F7556}") = "MainProcess", "MainProcess\MainProcess.csproj", "{45B56B82-8A3D-4AD9-AE51-FF7823A37637}"
EndProject
Project("{FAE04EC0-301F-11D3-BF4B-00C04F79EFBC}") = "ChildProcess", "ChildProcess\ChildProcess.csproj", "{87E97E19-2F2F-4A5C-B7C4-F83D82EF7B61}"
EndProject
Global
	GlobalSection(SolutionConfigurationPlatforms) = preSolution
		Debug|Any CPU = Debug|Any CPU
		Debug|x64 = Debug|x64
		Debug|x86 = Debug|x86
		Release|Any CPU = Release|Any CPU
		Release|x64 = Release|x64
		Release|x86 = Release|x86
	EndGlobalSection
	GlobalSection(ProjectConfigurationPlatforms) = postSolution
		{D09F0BC4-EC15-4E22-AA6E-023451834276}.Debug|Any CPU.ActiveCfg = Debug|Any CPU
		{D09F0BC4-EC15-4E22-AA6E-023451834276}.Debug|Any CPU.Build.0 = Debug|Any CPU
		{D09F0BC4-EC15-4E22-AA6E-023451834276}.Debug|x64.ActiveCfg = Debug|Any CPU
		{D09F0BC4-EC15-4E22-AA6E-023451834276}.Debug|x64.Build.0 = Debug|Any CPU
		{D09F0BC4-EC15-4E22-AA6E-023451834276}.Debug|x86.ActiveCfg = Debug|Any CPU
		{D09F0BC4-EC15-4E22-AA6E-023451834276}.Debug|x86.Build.0 = Debug|Any CPU
		{D09F0BC4-EC15-4E22-AA6E-023451834276}.Release|Any CPU.ActiveCfg = Release|Any CPU
		{D09F0BC4-EC15-4E22-AA6E-023451834276}.Release|Any CPU.Build.0 = Release|Any CPU
		{D09F0BC4-EC15-4E22-AA6E-023451834276}.Release|x64.ActiveCfg = Release|Any CPU
		{D09F0BC4-EC15-4E22-AA6E-023451834276}.Release|x64.Build.0 = Release|Any CPU
		{D09F0BC4-EC15-4E22-AA6E-023451834276}.Release|x86.ActiveCfg = Release|Any CPU
		{D09F0BC4-EC15-4E22-AA6E-023451834276}.Release|x86.Build.0 = Release|Any CPU
		{F9A35FBE-1022-4D74-9E90-DE45CDAA26DF}.Debug|Any CPU.ActiveCfg = Debug|Any CPU
		{F9A35FBE-1022-4D74-9E90-DE45CDAA26DF}.Debug|Any CPU.Build.0 = Debug|Any CPU
		{F9A35FBE-1022-4D74-9E90-DE45CDAA26DF}.Debug|x64.ActiveCfg = Debug|Any CPU
		{F9A35FBE-1022-4D74-9E90-DE45CDAA26DF}.Debug|x64.Build.0 = Debug|Any CPU
		{F9A35FBE-1022-4D74-9E90-DE45CDAA26DF}.Debug|x86.ActiveCfg = Debug|Any CPU
		{F9A35FBE-1022-4D74-9E90-DE45CDAA26DF}.Debug|x86.Build.0 = Debug|Any CPU
		{F9A35FBE-1022-4D74-9E90-DE45CDAA26DF}.Release|Any CPU.ActiveCfg = Release|Any CPU
		{F9A35FBE-1022-4D74-9E90-DE45CDAA26DF}.Release|Any CPU.Build.0 = Release|Any CPU
		{F9A35FBE-1022-4D74-9E90-DE45CDAA26DF}.Release|x64.ActiveCfg = Release|Any CPU
		{F9A35FBE-1022-4D74-9E90-DE45CDAA26DF}.Release|x64.Build.0 = Release|Any CPU
		{F9A35FBE-1022-4D74-9E90-DE45CDAA26DF}.Release|x86.ActiveCfg = Release|Any CPU
		{F9A35FBE-1022-4D74-9E90-DE45CDAA26DF}.Release|x86.Build.0 = Release|Any CPU
		{3C1487F1-6F09-42B3-9FCA-9937EC0163C3}.Debug|Any CPU.ActiveCfg = Debug|x64
		{3C1487F1-6F09-42B3-9FCA-9937EC0163C3}.Debug|Any CPU.Build.0 = Debug|x64
		{3C1487F1-6F09-42B3-9FCA-9937EC0163C3}.Debug|x64.ActiveCfg = Debug|x64
		{3C1487F1-6F09-42B3-9FCA-9937EC0163C3}.Debug|x64.Build.0 = Debug|x64
		{3C1487F1-6F09-42B3-9FCA-9937EC0163C3}.Debug|x86.ActiveCfg = Debug|Win32
		{3C1487F1-6F09-42B3-9FCA-9937EC0163C3}.Debug|x86.Build.0 = Debug|Win32
		{3C1487F1-6F09-42B3-9FCA-9937EC0163C3}.Release|Any CPU.ActiveCfg = Release|x64
		{3C1487F1-6F09-42B3-9FCA-9937EC0163C3}.Release|Any CPU.Build.0 = Release|x64
		{3C1487F1-6F09-42B3-9FCA-9937EC0163C3}.Release|x64.ActiveCfg = Release|x64
		{3C1487F1-6F09-42B3-9FCA-9937EC0163C3}.Release|x64.Build.0 = Release|x64
		{3C1487F1-6F09-42B3-9FCA-9937EC0163C3}.Release|x86.ActiveCfg = Release|Win32
		{3C1487F1-6F09-42B3-9FCA-9937EC0163C3}.Release|x86.Build.0 = Release|Win32
		{E1D5A03B-C38B-4030-A936-C963FBBA1EA3}.Debug|Any CPU.ActiveCfg = Debug|x64
		{E1D5A03B-C38B-4030-A936-C963FBBA1EA3}.Debug|Any CPU.Build.0 = Debug|x64
		{E1D5A03B-C38B-4030-A936-C963FBBA1EA3}.Debug|x64.ActiveCfg = Debug|x64
		{E1D5A03B-C38B-4030-A936-C963FBBA1EA3}.Debug|x64.Build.0 = Debug|x64
		{E1D5A03B-C38B-4030-A936-C963FBBA1EA3}.Debug|x86.ActiveCfg = Debug|Win32
		{E1D5A03B-C38B-4030-A936-C963FBBA1EA3}.Debug|x86.Build.0 = Debug|Win32
		{E1D5A03B-C38B-4030-A936-C963FBBA1EA3}.Release|Any CPU.ActiveCfg = Release|x64
		{E1D5A03B-C38B-4030-A936-C963FBBA1EA3}.Release|Any CPU.Build.0 = Release|x64
		{E1D5A03B-C38B-4030-A936-C963FBBA1EA3}.Release|x64.ActiveCfg = Release|x64
		{E1D5A03B-C38B-4030-A936-C963FBBA1EA3}.Release|x64.Build.0 = Release|x64
		{E1D5A03B-C38B-4030-A936-C963FBBA1EA3}.Release|x86.ActiveCfg = Release|Win32
		{E1D5A03B-C38B-4030-A936-C963FBBA1EA3}.Release|x86.Build.0 = Release|Win32
		{10745478-A36E-4467-856F-2A1C7747A413}.Debug|Any CPU.ActiveCfg = Debug|Any CPU
		{10745478-A36E-4467-856F-2A1C7747A413}.Debug|Any CPU.Build.0 = Debug|Any CPU
		{10745478-A36E-4467-856F-2A1C7747A413}.Debug|x64.ActiveCfg = Debug|Any CPU
		{10745478-A36E-4467-856F-2A1C7747A413}.Debug|x64.Build.0 = Debug|Any CPU
		{10745478-A36E-4467-856F-2A1C7747A413}.Debug|x86.ActiveCfg = Debug|Any CPU
		{10745478-A36E-4467-856F-2A1C7747A413}.Debug|x86.Build.0 = Debug|Any CPU
		{10745478-A36E-4467-856F-2A1C7747A413}.Release|Any CPU.ActiveCfg = Release|Any CPU
		{10745478-A36E-4467-856F-2A1C7747A413}.Release|Any CPU.Build.0 = Release|Any CPU
		{10745478-A36E-4467-856F-2A1C7747A413}.Release|x64.ActiveCfg = Release|Any CPU
		{10745478-A36E-4467-856F-2A1C7747A413}.Release|x64.Build.0 = Release|Any CPU
		{10745478-A36E-4467-856F-2A1C7747A413}.Release|x86.ActiveCfg = Release|Any CPU
		{10745478-A36E-4467-856F-2A1C7747A413}.Release|x86.Build.0 = Release|Any CPU
		{45B56B82-8A3D-4AD9-AE51-FF7823A37637}.Debug|Any CPU.ActiveCfg = Debug|Any CPU
		{45B56B82-8A3D-4AD9-AE51-FF7823A37637}.Debug|Any CPU.Build.0 = Debug|Any CPU
		{45B56B82-8A3D-4AD9-AE51-FF7823A37637}.Debug|x64.ActiveCfg = Debug|Any CPU
		{45B56B82-8A3D-4AD9-AE51-FF7823A37637}.Debug|x64.Build.0 = Debug|Any CPU
		{45B56B82-8A3D-4AD9-AE51-FF7823A37637}.Debug|x86.ActiveCfg = Debug|Any CPU
		{45B56B82-8A3D-4AD9-AE51-FF7823A37637}.Debug|x86.Build.0 = Debug|Any CPU
		{45B56B82-8A3D-4AD9-AE51-FF7823A37637}.Release|Any CPU.ActiveCfg = Release|Any CPU
		{45B56B82-8A3D-4AD9-AE51-FF7823A37637}.Release|Any CPU.Build.0 = Release|Any CPU
		{45B56B82-8A3D-4AD9-AE51-FF7823A37637}.Release|x64.ActiveCfg = Release|Any CPU
		{45B56B82-8A3D-4AD9-AE51-FF7823A37637}.Release|x64.Build.0 = Release|Any CPU
		{45B56B82-8A3D-4AD9-AE51-FF7823A37637}.Release|x86.ActiveCfg = Release|Any CPU
		{45B56B82-8A3D-4AD9-AE51-FF7823A37637}.Release|x86.Build.0 = Release|Any CPU
		{87E97E19-2F2F-4A5C-B7C4-F83D82EF7B61}.Debug|Any CPU.ActiveCfg = Debug|Any CPU
		{87E97E19-2F2F-4A5C-B7C4-F83D82EF7B61}.Debug|Any CPU.Build.0 = Debug|Any CPU
		{87E97E19-2F2F-4A5C-B7C4-F83D82EF7B61}.Debug|x64.ActiveCfg = Debug|Any CPU
		{87E97E19-2F2F-4A5C-B7C4-F83D82EF7B61}.Debug|x64.Build.0 = Debug|Any CPU
		{87E97E19-2F2F-4A5C-B7C4-F83D82EF7B61}.Debug|x86.ActiveCfg = Debug|Any CPU
		{87E97E19-2F2F-4A5C-B7C4-F83D82EF7B61}.Debug|x86.Build.0 = Debug|Any CPU
		{87E97E19-2F2F-4A5C-B7C4-F83D82EF7B61}.Release|Any CPU.ActiveCfg = Release|Any CPU
		{87E97E19-2F2F-4A5C-B7C4-F83D82EF7B61}.Release|Any CPU.Build.0 = Release|Any CPU
		{87E97E19-2F2F-4A5C-B7C4-F83D82EF7B61}.Release|x64.ActiveCfg = Release|Any CPU
		{87E97E19-2F2F-4A5C-B7C4-F83D82EF7B61}.Release|x64.Build.0 = Release|Any CPU
		{87E97E19-2F2F-4A5C-B7C4-F83D82EF7B61}.Release|x86.ActiveCfg = Release|Any CPU
		{87E97E19-2F2F-4A5C-B7C4-F83D82EF7B61}.Release|x86.Build.0 = Release|Any CPU
	EndGlobalSection
	GlobalSection(SolutionProperties) = preSolution
		HideSolutionNode = FALSE
	EndGlobalSection
	GlobalSection(NestedProjects) = preSolution
		{D09F0BC4-EC15-4E22-AA6E-023451834276} = {719D5209-F957-48AC-887D-DFB10E351179}
		{F9A35FBE-1022-4D74-9E90-DE45CDAA26DF} = {719D5209-F957-48AC-887D-DFB10E351179}
		{3C1487F1-6F09-42B3-9FCA-9937EC0163C3} = {719D5209-F957-48AC-887D-DFB10E351179}
		{E1D5A03B-C38B-4030-A936-C963FBBA1EA3} = {719D5209-F957-48AC-887D-DFB10E351179}
		{10745478-A36E-4467-856F-2A1C7747A413} = {3B901AD6-C809-4C00-8F3D-D1E3F38E50F5}
		{45B56B82-8A3D-4AD9-AE51-FF7823A37637} = {0C5632D2-8228-482B-8AE6-9E1044F9073C}
		{87E97E19-2F2F-4A5C-B7C4-F83D82EF7B61} = {0C5632D2-8228-482B-8AE6-9E1044F9073C}
	EndGlobalSection
	GlobalSection(ExtensibilityGlobals) = postSolution
		SolutionGuid = {B61A572A-3C65-4332-8156-B29A901E66FF}
	EndGlobalSection
EndGlobal
